
Microsoft Visual Studio Solution File, Format Version 12.00
# Visual Studio 15
VisualStudioVersion = 15.0.28307.902
MinimumVisualStudioVersion = 10.0.40219.1
Project("{FAE04EC0-301F-11D3-BF4B-00C04F79EFBC}") = "ExSOAP", "ExSOAP\ExSOAP.csproj", "{BF687EDE-7F8F-48CD-8642-CC1C8DEB2D4D}"
EndProject
Global
	GlobalSection(SolutionConfigurationPlatforms) = preSolution
		Debug|Any CPU = Debug|Any CPU
		Release|Any CPU = Release|Any CPU
	EndGlobalSection
	GlobalSection(ProjectConfigurationPlatforms) = postSolution
		{BF687EDE-7F8F-48CD-8642-CC1C8DEB2D4D}.Debug|Any CPU.ActiveCfg = Debug|Any CPU
		{BF687EDE-7F8F-48CD-8642-CC1C8DEB2D4D}.Debug|Any CPU.Build.0 = Debug|Any CPU
		{BF687EDE-7F8F-48CD-8642-CC1C8DEB2D4D}.Release|Any CPU.ActiveCfg = Release|Any CPU
		{BF687EDE-7F8F-48CD-8642-CC1C8DEB2D4D}.Release|Any CPU.Build.0 = Release|Any CPU
	EndGlobalSection
	GlobalSection(SolutionProperties) = preSolution
		HideSolutionNode = FALSE
	EndGlobalSection
	GlobalSection(ExtensibilityGlobals) = postSolution
		SolutionGuid = {653080E8-2100-4275-8C7B-99D23E3E3C29}
	EndGlobalSection
EndGlobal
